
Microsoft Visual Studio Solution File, Format Version 12.00
# Visual Studio Version 17
VisualStudioVersion = 17.5.002.0
MinimumVisualStudioVersion = 10.0.40219.1
Project("{9A19103F-16F7-4668-BE54-9A1E7A4F7556}") = "TechChallenge", "TechChallenge.csproj", "{06EED13B-027C-4EC5-83DC-52D8613B279C}"
EndProject
Global
	GlobalSection(SolutionConfigurationPlatforms) = preSolution
		Debug|Any CPU = Debug|Any CPU
		Release|Any CPU = Release|Any CPU
	EndGlobalSection
	GlobalSection(ProjectConfigurationPlatforms) = postSolution
		{06EED13B-027C-4EC5-83DC-52D8613B279C}.Debug|Any CPU.ActiveCfg = Debug|Any CPU
		{06EED13B-027C-4EC5-83DC-52D8613B279C}.Debug|Any CPU.Build.0 = Debug|Any CPU
		{06EED13B-027C-4EC5-83DC-52D8613B279C}.Release|Any CPU.ActiveCfg = Release|Any CPU
		{06EED13B-027C-4EC5-83DC-52D8613B279C}.Release|Any CPU.Build.0 = Release|Any CPU
	EndGlobalSection
	GlobalSection(SolutionProperties) = preSolution
		HideSolutionNode = FALSE
	EndGlobalSection
	GlobalSection(ExtensibilityGlobals) = postSolution
		SolutionGuid = {BC32836B-98A2-46FC-94E2-E19EB3CC8756}
	EndGlobalSection
EndGlobal
